
Microsoft Visual Studio Solution File, Format Version 12.00
# Visual Studio Version 17
VisualStudioVersion = 17.9.34728.123
MinimumVisualStudioVersion = 10.0.40219.1
Project("{FAE04EC0-301F-11D3-BF4B-00C04F79EFBC}") = "CheckTriangulo", "CheckTriangulo.csproj", "{0DE16502-0DF8-4AA8-8A4C-2E79FA182C3E}"
EndProject
Global
	GlobalSection(SolutionConfigurationPlatforms) = preSolution
		Debug|Any CPU = Debug|Any CPU
		Release|Any CPU = Release|Any CPU
	EndGlobalSection
	GlobalSection(ProjectConfigurationPlatforms) = postSolution
		{0DE16502-0DF8-4AA8-8A4C-2E79FA182C3E}.Debug|Any CPU.ActiveCfg = Debug|Any CPU
		{0DE16502-0DF8-4AA8-8A4C-2E79FA182C3E}.Debug|Any CPU.Build.0 = Debug|Any CPU
		{0DE16502-0DF8-4AA8-8A4C-2E79FA182C3E}.Release|Any CPU.ActiveCfg = Release|Any CPU
		{0DE16502-0DF8-4AA8-8A4C-2E79FA182C3E}.Release|Any CPU.Build.0 = Release|Any CPU
	EndGlobalSection
	GlobalSection(SolutionProperties) = preSolution
		HideSolutionNode = FALSE
	EndGlobalSection
	GlobalSection(ExtensibilityGlobals) = postSolution
		SolutionGuid = {FD2C1CA1-8515-44B0-A3FA-617E25D7BEAB}
	EndGlobalSection
EndGlobal
